
Microsoft Visual Studio Solution File, Format Version 12.00
# Visual Studio Version 17
VisualStudioVersion = 17.0.31423.177
MinimumVisualStudioVersion = 10.0.40219.1
Project("{2150E333-8FDC-42A3-9474-1A3956D46DE8}") = "src", "src", "{4E8FBA79-46BE-4C57-AFF5-E3442F4BF2C5}"
EndProject
Project("{2150E333-8FDC-42A3-9474-1A3956D46DE8}") = "Solution Items", "Solution Items", "{FC5168F6-FAC5-402B-AD3C-3A41518243E0}"
	ProjectSection(SolutionItems) = preProject
		publish.cmd = publish.cmd
		README.md = README.md
	EndProjectSection
EndProject
Project("{2150E333-8FDC-42A3-9474-1A3956D46DE8}") = "DevOps", "DevOps", "{E42A73AC-5034-441B-973B-CC6D3319FC82}"
	ProjectSection(SolutionItems) = preProject
		azure-pipelines-pulumi.yml = azure-pipelines-pulumi.yml
	EndProjectSection
EndProject
Project("{9A19103F-16F7-4668-BE54-9A1E7A4F7556}") = "Pulumi.Azure.StaticWebsite", "src\Pulumi\Pulumi.Azure.StaticWebsite.csproj", "{5026E9EE-FC52-492C-8AA6-A6082ABD056D}"
	ProjectSection(ProjectDependencies) = postProject
		{148DA923-21A2-4F95-BF79-95A1F2E8247F} = {148DA923-21A2-4F95-BF79-95A1F2E8247F}
		{FACF4494-A3FA-4C99-BC82-2963285ED02C} = {FACF4494-A3FA-4C99-BC82-2963285ED02C}
	EndProjectSection
EndProject
Project("{9A19103F-16F7-4668-BE54-9A1E7A4F7556}") = "CoronaDashboard", "src\CoronaDashboard\CoronaDashboard.csproj", "{FACF4494-A3FA-4C99-BC82-2963285ED02C}"
EndProject
Project("{9A19103F-16F7-4668-BE54-9A1E7A4F7556}") = "ConsoleApp", "src\ConsoleApp\ConsoleApp.csproj", "{8207797A-8394-4D82-B72D-F73F4027112F}"
EndProject
Project("{9A19103F-16F7-4668-BE54-9A1E7A4F7556}") = "CoronaDashboard.Api", "src\CoronaDashboard.Api\CoronaDashboard.Api.csproj", "{148DA923-21A2-4F95-BF79-95A1F2E8247F}"
EndProject
Project("{9A19103F-16F7-4668-BE54-9A1E7A4F7556}") = "CoronaDashboard.DataAccess", "src\CoronaDashboard.DataAccess\CoronaDashboard.DataAccess.csproj", "{37462020-A165-42FC-B883-31F01BB11939}"
EndProject
Project("{2150E333-8FDC-42A3-9474-1A3956D46DE8}") = "GitHub Workflows", "GitHub Workflows", "{24619C87-04D2-43FD-8CB9-35AA9E34CF49}"
	ProjectSection(SolutionItems) = preProject
		.github\workflows\azure-static-web-apps-lemon-dune-081354403.yml = .github\workflows\azure-static-web-apps-lemon-dune-081354403.yml
		.github\workflows\ci.yml = .github\workflows\ci.yml
		.github\workflows\main.yml = .github\workflows\main.yml
	EndProjectSection
EndProject
Project("{2150E333-8FDC-42A3-9474-1A3956D46DE8}") = "LogicApps", "LogicApps", "{7ABE67A5-9E02-44F8-9895-24154A9D63AC}"
EndProject
Project("{2150E333-8FDC-42A3-9474-1A3956D46DE8}") = "Retrieve-And-Store-Covid19-Data-NL", "Retrieve-And-Store-Covid19-Data-NL", "{83BB5BFB-6C14-4DAC-A953-C9308B048454}"
	ProjectSection(SolutionItems) = preProject
		LogicApps\Retrieve-And-Store-Covid19-Data-NL\ParseJson.json = LogicApps\Retrieve-And-Store-Covid19-Data-NL\ParseJson.json
	EndProjectSection
EndProject
Global
	GlobalSection(SolutionConfigurationPlatforms) = preSolution
		Debug|Any CPU = Debug|Any CPU
		Release|Any CPU = Release|Any CPU
	EndGlobalSection
	GlobalSection(ProjectConfigurationPlatforms) = postSolution
		{5026E9EE-FC52-492C-8AA6-A6082ABD056D}.Debug|Any CPU.ActiveCfg = Debug|Any CPU
		{5026E9EE-FC52-492C-8AA6-A6082ABD056D}.Debug|Any CPU.Build.0 = Debug|Any CPU
		{5026E9EE-FC52-492C-8AA6-A6082ABD056D}.Release|Any CPU.ActiveCfg = Release|Any CPU
		{5026E9EE-FC52-492C-8AA6-A6082ABD056D}.Release|Any CPU.Build.0 = Release|Any CPU
		{FACF4494-A3FA-4C99-BC82-2963285ED02C}.Debug|Any CPU.ActiveCfg = Debug|Any CPU
		{FACF4494-A3FA-4C99-BC82-2963285ED02C}.Debug|Any CPU.Build.0 = Debug|Any CPU
		{FACF4494-A3FA-4C99-BC82-2963285ED02C}.Release|Any CPU.ActiveCfg = Release|Any CPU
		{FACF4494-A3FA-4C99-BC82-2963285ED02C}.Release|Any CPU.Build.0 = Release|Any CPU
		{8207797A-8394-4D82-B72D-F73F4027112F}.Debug|Any CPU.ActiveCfg = Debug|Any CPU
		{8207797A-8394-4D82-B72D-F73F4027112F}.Debug|Any CPU.Build.0 = Debug|Any CPU
		{8207797A-8394-4D82-B72D-F73F4027112F}.Release|Any CPU.ActiveCfg = Release|Any CPU
		{8207797A-8394-4D82-B72D-F73F4027112F}.Release|Any CPU.Build.0 = Release|Any CPU
		{148DA923-21A2-4F95-BF79-95A1F2E8247F}.Debug|Any CPU.ActiveCfg = Debug|Any CPU
		{148DA923-21A2-4F95-BF79-95A1F2E8247F}.Debug|Any CPU.Build.0 = Debug|Any CPU
		{148DA923-21A2-4F95-BF79-95A1F2E8247F}.Release|Any CPU.ActiveCfg = Release|Any CPU
		{148DA923-21A2-4F95-BF79-95A1F2E8247F}.Release|Any CPU.Build.0 = Release|Any CPU
		{37462020-A165-42FC-B883-31F01BB11939}.Debug|Any CPU.ActiveCfg = Debug|Any CPU
		{37462020-A165-42FC-B883-31F01BB11939}.Debug|Any CPU.Build.0 = Debug|Any CPU
		{37462020-A165-42FC-B883-31F01BB11939}.Release|Any CPU.ActiveCfg = Release|Any CPU
		{37462020-A165-42FC-B883-31F01BB11939}.Release|Any CPU.Build.0 = Release|Any CPU
	EndGlobalSection
	GlobalSection(SolutionProperties) = preSolution
		HideSolutionNode = FALSE
	EndGlobalSection
	GlobalSection(NestedProjects) = preSolution
		{5026E9EE-FC52-492C-8AA6-A6082ABD056D} = {E42A73AC-5034-441B-973B-CC6D3319FC82}
		{FACF4494-A3FA-4C99-BC82-2963285ED02C} = {4E8FBA79-46BE-4C57-AFF5-E3442F4BF2C5}
		{8207797A-8394-4D82-B72D-F73F4027112F} = {4E8FBA79-46BE-4C57-AFF5-E3442F4BF2C5}
		{148DA923-21A2-4F95-BF79-95A1F2E8247F} = {4E8FBA79-46BE-4C57-AFF5-E3442F4BF2C5}
		{37462020-A165-42FC-B883-31F01BB11939} = {4E8FBA79-46BE-4C57-AFF5-E3442F4BF2C5}
		{83BB5BFB-6C14-4DAC-A953-C9308B048454} = {7ABE67A5-9E02-44F8-9895-24154A9D63AC}
	EndGlobalSection
	GlobalSection(ExtensibilityGlobals) = postSolution
		SolutionGuid = {C027DADB-BF11-4991-9D14-30D4A14A4C38}
	EndGlobalSection
EndGlobal
